
Microsoft Visual Studio Solution File, Format Version 12.00
Project("{FAE04EC0-301F-11D3-BF4B-00C04F79EFBC}") = "Common", "Common\Common.csproj", "{4D147D5E-F6E1-47F2-892E-0CDD01A4FB60}"
EndProject
Project("{FAE04EC0-301F-11D3-BF4B-00C04F79EFBC}") = "UserService", "UserService\UserService.csproj", "{19270D43-23C8-41AB-A163-E740D7A4DF69}"
EndProject
Project("{FAE04EC0-301F-11D3-BF4B-00C04F79EFBC}") = "WorkoutService", "WorkoutService\WorkoutService.csproj", "{BA92A9D1-0669-4A96-9549-BC2DB8ABFA83}"
EndProject
Project("{FAE04EC0-301F-11D3-BF4B-00C04F79EFBC}") = "NutritionService", "NutritionService\NutritionService.csproj", "{E7F4E170-CD60-4A08-BC8D-CA37BBB68DDD}"
EndProject
Global
	GlobalSection(SolutionConfigurationPlatforms) = preSolution
		Debug|Any CPU = Debug|Any CPU
		Release|Any CPU = Release|Any CPU
	EndGlobalSection
	GlobalSection(ProjectConfigurationPlatforms) = postSolution
		{4D147D5E-F6E1-47F2-892E-0CDD01A4FB60}.Debug|Any CPU.ActiveCfg = Debug|Any CPU
		{4D147D5E-F6E1-47F2-892E-0CDD01A4FB60}.Debug|Any CPU.Build.0 = Debug|Any CPU
		{4D147D5E-F6E1-47F2-892E-0CDD01A4FB60}.Release|Any CPU.ActiveCfg = Release|Any CPU
		{4D147D5E-F6E1-47F2-892E-0CDD01A4FB60}.Release|Any CPU.Build.0 = Release|Any CPU
		{19270D43-23C8-41AB-A163-E740D7A4DF69}.Debug|Any CPU.ActiveCfg = Debug|Any CPU
		{19270D43-23C8-41AB-A163-E740D7A4DF69}.Debug|Any CPU.Build.0 = Debug|Any CPU
		{19270D43-23C8-41AB-A163-E740D7A4DF69}.Release|Any CPU.ActiveCfg = Release|Any CPU
		{19270D43-23C8-41AB-A163-E740D7A4DF69}.Release|Any CPU.Build.0 = Release|Any CPU
		{BA92A9D1-0669-4A96-9549-BC2DB8ABFA83}.Debug|Any CPU.ActiveCfg = Debug|Any CPU
		{BA92A9D1-0669-4A96-9549-BC2DB8ABFA83}.Debug|Any CPU.Build.0 = Debug|Any CPU
		{BA92A9D1-0669-4A96-9549-BC2DB8ABFA83}.Release|Any CPU.ActiveCfg = Release|Any CPU
		{BA92A9D1-0669-4A96-9549-BC2DB8ABFA83}.Release|Any CPU.Build.0 = Release|Any CPU
		{E7F4E170-CD60-4A08-BC8D-CA37BBB68DDD}.Debug|Any CPU.ActiveCfg = Debug|Any CPU
		{E7F4E170-CD60-4A08-BC8D-CA37BBB68DDD}.Debug|Any CPU.Build.0 = Debug|Any CPU
		{E7F4E170-CD60-4A08-BC8D-CA37BBB68DDD}.Release|Any CPU.ActiveCfg = Release|Any CPU
		{E7F4E170-CD60-4A08-BC8D-CA37BBB68DDD}.Release|Any CPU.Build.0 = Release|Any CPU
	EndGlobalSection
EndGlobal
